
Microsoft Visual Studio Solution File, Format Version 12.00
# Visual Studio Version 16
VisualStudioVersion = 16.0.31613.86
MinimumVisualStudioVersion = 10.0.40219.1
Project("{8BC9CEB8-8B4A-11D0-8D11-00A0C91BC942}") = "logoJO", "logoJO.vcxproj", "{647A5790-83D9-4339-AC54-127469B08097}"
EndProject
Global
	GlobalSection(SolutionConfigurationPlatforms) = preSolution
		Debug|x64 = Debug|x64
		Debug|x86 = Debug|x86
		Release|x64 = Release|x64
		Release|x86 = Release|x86
	EndGlobalSection
	GlobalSection(ProjectConfigurationPlatforms) = postSolution
		{647A5790-83D9-4339-AC54-127469B08097}.Debug|x64.ActiveCfg = Debug|x64
		{647A5790-83D9-4339-AC54-127469B08097}.Debug|x64.Build.0 = Debug|x64
		{647A5790-83D9-4339-AC54-127469B08097}.Debug|x86.ActiveCfg = Debug|Win32
		{647A5790-83D9-4339-AC54-127469B08097}.Debug|x86.Build.0 = Debug|Win32
		{647A5790-83D9-4339-AC54-127469B08097}.Release|x64.ActiveCfg = Release|x64
		{647A5790-83D9-4339-AC54-127469B08097}.Release|x64.Build.0 = Release|x64
		{647A5790-83D9-4339-AC54-127469B08097}.Release|x86.ActiveCfg = Release|Win32
		{647A5790-83D9-4339-AC54-127469B08097}.Release|x86.Build.0 = Release|Win32
	EndGlobalSection
	GlobalSection(SolutionProperties) = preSolution
		HideSolutionNode = FALSE
	EndGlobalSection
	GlobalSection(ExtensibilityGlobals) = postSolution
		SolutionGuid = {6A014B3E-A688-4F53-A5BC-63053ED7F789}
	EndGlobalSection
EndGlobal
