
Microsoft Visual Studio Solution File, Format Version 12.00
# Visual Studio Version 16
VisualStudioVersion = 16.0.31613.86
MinimumVisualStudioVersion = 10.0.40219.1
Project("{8BC9CEB8-8B4A-11D0-8D11-00A0C91BC942}") = "IPV6", "IPV6.vcxproj", "{7C00D30B-4D84-409D-B40E-46D56BEEFF4A}"
EndProject
Global
	GlobalSection(SolutionConfigurationPlatforms) = preSolution
		Debug|x64 = Debug|x64
		Debug|x86 = Debug|x86
		Release|x64 = Release|x64
		Release|x86 = Release|x86
	EndGlobalSection
	GlobalSection(ProjectConfigurationPlatforms) = postSolution
		{7C00D30B-4D84-409D-B40E-46D56BEEFF4A}.Debug|x64.ActiveCfg = Debug|x64
		{7C00D30B-4D84-409D-B40E-46D56BEEFF4A}.Debug|x64.Build.0 = Debug|x64
		{7C00D30B-4D84-409D-B40E-46D56BEEFF4A}.Debug|x86.ActiveCfg = Debug|Win32
		{7C00D30B-4D84-409D-B40E-46D56BEEFF4A}.Debug|x86.Build.0 = Debug|Win32
		{7C00D30B-4D84-409D-B40E-46D56BEEFF4A}.Release|x64.ActiveCfg = Release|x64
		{7C00D30B-4D84-409D-B40E-46D56BEEFF4A}.Release|x64.Build.0 = Release|x64
		{7C00D30B-4D84-409D-B40E-46D56BEEFF4A}.Release|x86.ActiveCfg = Release|Win32
		{7C00D30B-4D84-409D-B40E-46D56BEEFF4A}.Release|x86.Build.0 = Release|Win32
	EndGlobalSection
	GlobalSection(SolutionProperties) = preSolution
		HideSolutionNode = FALSE
	EndGlobalSection
	GlobalSection(ExtensibilityGlobals) = postSolution
		SolutionGuid = {A178B90A-1DB2-4763-B71B-2AF7288883DE}
	EndGlobalSection
EndGlobal
